
Microsoft Visual Studio Solution File, Format Version 12.00
# Visual Studio Version 17
VisualStudioVersion = 17.8.34316.72
MinimumVisualStudioVersion = 10.0.40219.1
Project("{9A19103F-16F7-4668-BE54-9A1E7A4F7556}") = "VolunteeringApp", "VolunteeringApp\VolunteeringApp.csproj", "{A96EAF9E-B9CF-4773-84B4-F2665BC039EF}"
EndProject
Project("{9A19103F-16F7-4668-BE54-9A1E7A4F7556}") = "VolunteeringAPI", "VolunteeringAPI\VolunteeringAPI.csproj", "{349074C1-37F1-4CC8-9796-4B0AB38EAEDE}"
EndProject
Global
	GlobalSection(SolutionConfigurationPlatforms) = preSolution
		Debug|Any CPU = Debug|Any CPU
		Release|Any CPU = Release|Any CPU
	EndGlobalSection
	GlobalSection(ProjectConfigurationPlatforms) = postSolution
		{A96EAF9E-B9CF-4773-84B4-F2665BC039EF}.Debug|Any CPU.ActiveCfg = Debug|Any CPU
		{A96EAF9E-B9CF-4773-84B4-F2665BC039EF}.Debug|Any CPU.Build.0 = Debug|Any CPU
		{A96EAF9E-B9CF-4773-84B4-F2665BC039EF}.Release|Any CPU.ActiveCfg = Release|Any CPU
		{A96EAF9E-B9CF-4773-84B4-F2665BC039EF}.Release|Any CPU.Build.0 = Release|Any CPU
		{349074C1-37F1-4CC8-9796-4B0AB38EAEDE}.Debug|Any CPU.ActiveCfg = Debug|Any CPU
		{349074C1-37F1-4CC8-9796-4B0AB38EAEDE}.Debug|Any CPU.Build.0 = Debug|Any CPU
		{349074C1-37F1-4CC8-9796-4B0AB38EAEDE}.Release|Any CPU.ActiveCfg = Release|Any CPU
		{349074C1-37F1-4CC8-9796-4B0AB38EAEDE}.Release|Any CPU.Build.0 = Release|Any CPU
	EndGlobalSection
	GlobalSection(SolutionProperties) = preSolution
		HideSolutionNode = FALSE
	EndGlobalSection
	GlobalSection(ExtensibilityGlobals) = postSolution
		SolutionGuid = {FC7B7D91-DAD0-4A34-98D8-97FB9E19C67F}
	EndGlobalSection
EndGlobal
